memo = "7c08940c3b7a8bac4bcad3fc9843bf4110161e6229d2f8a560f40cd25d582328"

[[projects]]
  name = "github.com/onsi/ginkgo"
  packages = [".","config","internal/codelocation","internal/containernode","internal/failer","internal/leafnodes","internal/remote","internal/spec","internal/spec_iterator","internal/specrunner","internal/suite","internal/testingtproxy","internal/writer","reporters","reporters/stenographer","reporters/stenographer/support/go-colorable","reporters/stenographer/support/go-isatty","types"]
  revision = "77a8c1e5c40d6bb6c5eb4dd4bdce9763564f6298"
  version = "v1.3.1"

[[projects]]
  name = "github.com/onsi/gomega"
  packages = [".","format","internal/assertion","internal/asyncassertion","internal/oraclematcher","internal/testingtsupport","matchers","matchers/support/goraph/bipartitegraph","matchers/support/goraph/edge","matchers/support/goraph/node","matchers/support/goraph/util","types"]
  revision = "334b8f472b3af5d541c5642701c1e29e2126f486"
  version = "v1.1.0"

[[projects]]
  name = "github.com/opencontainers/specs"
  packages = ["specs-go"]
  revision = "035da1dca3dfbb00d752eb58b0b158d6129f3776"
  version = "v1.0.0-rc5"

[[projects]]
  name = "github.com/urfave/cli"
  packages = ["."]
  revision = "0bdeddeeb0f650497d603c4ad7b20cfe685682f6"
  version = "v1.19.1"

[[projects]]
  branch = "master"
  name = "golang.org/x/sys"
  packages = ["unix"]
  revision = "9ccfe848b9db8435a24c424abbc07a921adf1df5"

[[projects]]
  branch = "v2"
  name = "gopkg.in/yaml.v2"
  packages = ["."]
  revision = "cd8b52f8269e0feb286dfeef29f8fe4d5b397e0b"
