# This file is autogenerated, do not edit; changes may be undone by the next 'dep ensure'.


[[projects]]
  branch = "master"
  name = "github.com/go-logfmt/logfmt"
  packages = ["."]
  revision = "390ab7935ee28ec6b286364bba9b4dd6410cb3d5"

[[projects]]
  branch = "master"
  name = "github.com/kr/logfmt"
  packages = ["."]
  revision = "b84e30acd515aadc4b783ad4ff83aff3299bdfe0"

[[projects]]
  branch = "master"
  name = "github.com/urfave/cli"
  packages = ["."]
  revision = "f017f86fccc5a039a98f23311f34fdf78b014f78"

[solve-meta]
  analyzer-name = "dep"
  analyzer-version = 1
  inputs-digest = "50ce7a7538b6b8ae1137140246e87d7756b8ee3529b4c963940b7e5929f38ded"
  solver-name = "gps-cdcl"
  solver-version = 1
